// !$*UTF8*$!
{
	archiveVersion = 1;
	classes = {
	};
	objectVersion = 55;
	objects = {

/* Begin PBXBuildFile section */
		3F95EAA5279B11A2006FFE13 /* Clonet_SwiftGit3App.swift in Sources */ = {isa = PBXBuildFile; fileRef = 3F95EAA4279B11A2006FFE13 /* Clonet_SwiftGit3App.swift */; };
		3F95EAA7279B11A2006FFE13 /* ContentView.swift in Sources */ = {isa = PBXBuildFile; fileRef = 3F95EAA6279B11A2006FFE13 /* ContentView.swift */; };
		3F95EAA9279B11A4006FFE13 /* Assets.xcassets in Resources */ = {isa = PBXBuildFile; fileRef = 3F95EAA8279B11A4006FFE13 /* Assets.xcassets */; };
		3F95EAAC279B11A4006FFE13 /* Preview Assets.xcassets in Resources */ = {isa = PBXBuildFile; fileRef = 3F95EAAB279B11A4006FFE13 /* Preview Assets.xcassets */; };
		3F95EAB6279B11A4006FFE13 /* Clonet_SwiftGit3Tests.swift in Sources */ = {isa = PBXBuildFile; fileRef = 3F95EAB5279B11A4006FFE13 /* Clonet_SwiftGit3Tests.swift */; };
		3F95EAC0279B11A4006FFE13 /* Clonet_SwiftGit3UITests.swift in Sources */ = {isa = PBXBuildFile; fileRef = 3F95EABF279B11A4006FFE13 /* Clonet_SwiftGit3UITests.swift */; };
		3F95EAC2279B11A4006FFE13 /* Clonet_SwiftGit3UITestsLaunchTests.swift in Sources */ = {isa = PBXBuildFile; fileRef = 3F95EAC1279B11A4006FFE13 /* Clonet_SwiftGit3UITestsLaunchTests.swift */; };
		3F95EAD0279B1216006FFE13 /* SwiftGit2 in Frameworks */ = {isa = PBXBuildFile; productRef = 3F95EACF279B1216006FFE13 /* SwiftGit2 */; };
		3F95EAD2279B1384006FFE13 /* GitTest.swift in Sources */ = {isa = PBXBuildFile; fileRef = 3F95EAD1279B1384006FFE13 /* GitTest.swift */; };
/* End PBXBuildFile section */

/* Begin PBXContainerItemProxy section */
		3F95EAB2279B11A4006FFE13 /* PBXContainerItemProxy */ = {
			isa = PBXContainerItemProxy;
			containerPortal = 3F95EA99279B11A2006FFE13 /* Project object */;
			proxyType = 1;
			remoteGlobalIDString = 3F95EAA0279B11A2006FFE13;
			remoteInfo = Clonet_SwiftGit3;
		};
		3F95EABC279B11A4006FFE13 /* PBXContainerItemProxy */ = {
			isa = PBXContainerItemProxy;
			containerPortal = 3F95EA99279B11A2006FFE13 /* Project object */;
			proxyType = 1;
			remoteGlobalIDString = 3F95EAA0279B11A2006FFE13;
			remoteInfo = Clonet_SwiftGit3;
		};
/* End PBXContainerItemProxy section */

/* Begin PBXFileReference section */
		3F95EAA1279B11A2006FFE13 /* Clonet_SwiftGit3.app */ = {isa = PBXFileReference; explicitFileType = wrapper.application; includeInIndex = 0; path = Clonet_SwiftGit3.app; sourceTree = BUILT_PRODUCTS_DIR; };
		3F95EAA4279B11A2006FFE13 /* Clonet_SwiftGit3App.swift */ = {isa = PBXFileReference; lastKnownFileType = sourcecode.swift; path = Clonet_SwiftGit3App.swift; sourceTree = "<group>"; };
		3F95EAA6279B11A2006FFE13 /* ContentView.swift */ = {isa = PBXFileReference; lastKnownFileType = sourcecode.swift; path = ContentView.swift; sourceTree = "<group>"; };
		3F95EAA8279B11A4006FFE13 /* Assets.xcassets */ = {isa = PBXFileReference; lastKnownFileType = folder.assetcatalog; path = Assets.xcassets; sourceTree = "<group>"; };
		3F95EAAB279B11A4006FFE13 /* Preview Assets.xcassets */ = {isa = PBXFileReference; lastKnownFileType = folder.assetcatalog; path = "Preview Assets.xcassets"; sourceTree = "<group>"; };
		3F95EAB1279B11A4006FFE13 /* Clonet_SwiftGit3Tests.xctest */ = {isa = PBXFileReference; explicitFileType = wrapper.cfbundle; includeInIndex = 0; path = Clonet_SwiftGit3Tests.xctest; sourceTree = BUILT_PRODUCTS_DIR; };
		3F95EAB5279B11A4006FFE13 /* Clonet_SwiftGit3Tests.swift */ = {isa = PBXFileReference; lastKnownFileType = sourcecode.swift; path = Clonet_SwiftGit3Tests.swift; sourceTree = "<group>"; };
		3F95EABB279B11A4006FFE13 /* Clonet_SwiftGit3UITests.xctest */ = {isa = PBXFileReference; explicitFileType = wrapper.cfbundle; includeInIndex = 0; path = Clonet_SwiftGit3UITests.xctest; sourceTree = BUILT_PRODUCTS_DIR; };
		3F95EABF279B11A4006FFE13 /* Clonet_SwiftGit3UITests.swift */ = {isa = PBXFileReference; lastKnownFileType = sourcecode.swift; path = Clonet_SwiftGit3UITests.swift; sourceTree = "<group>"; };
		3F95EAC1279B11A4006FFE13 /* Clonet_SwiftGit3UITestsLaunchTests.swift */ = {isa = PBXFileReference; lastKnownFileType = sourcecode.swift; path = Clonet_SwiftGit3UITestsLaunchTests.swift; sourceTree = "<group>"; };
		3F95EAD1279B1384006FFE13 /* GitTest.swift */ = {isa = PBXFileReference; lastKnownFileType = sourcecode.swift; path = GitTest.swift; sourceTree = "<group>"; };
/* End PBXFileReference section */

/* Begin PBXFrameworksBuildPhase section */
		3F95EA9E279B11A2006FFE13 /* Frameworks */ = {
			isa = PBXFrameworksBuildPhase;
			buildActionMask = 2147483647;
			files = (
				3F95EAD0279B1216006FFE13 /* SwiftGit2 in Frameworks */,
			);
			runOnlyForDeploymentPostprocessing = 0;
		};
		3F95EAAE279B11A4006FFE13 /* Frameworks */ = {
			isa = PBXFrameworksBuildPhase;
			buildActionMask = 2147483647;
			files = (
			);
			runOnlyForDeploymentPostprocessing = 0;
		};
		3F95EAB8279B11A4006FFE13 /* Frameworks */ = {
			isa = PBXFrameworksBuildPhase;
			buildActionMask = 2147483647;
			files = (
			);
			runOnlyForDeploymentPostprocessing = 0;
		};
/* End PBXFrameworksBuildPhase section */

/* Begin PBXGroup section */
		3F95EA98279B11A2006FFE13 = {
			isa = PBXGroup;
			children = (
				3F95EAA3279B11A2006FFE13 /* Clonet_SwiftGit3 */,
				3F95EAB4279B11A4006FFE13 /* Clonet_SwiftGit3Tests */,
				3F95EABE279B11A4006FFE13 /* Clonet_SwiftGit3UITests */,
				3F95EAA2279B11A2006FFE13 /* Products */,
			);
			sourceTree = "<group>";
		};
		3F95EAA2279B11A2006FFE13 /* Products */ = {
			isa = PBXGroup;
			children = (
				3F95EAA1279B11A2006FFE13 /* Clonet_SwiftGit3.app */,
				3F95EAB1279B11A4006FFE13 /* Clonet_SwiftGit3Tests.xctest */,
				3F95EABB279B11A4006FFE13 /* Clonet_SwiftGit3UITests.xctest */,
			);
			name = Products;
			sourceTree = "<group>";
		};
		3F95EAA3279B11A2006FFE13 /* Clonet_SwiftGit3 */ = {
			isa = PBXGroup;
			children = (
				3F95EAA4279B11A2006FFE13 /* Clonet_SwiftGit3App.swift */,
				3F95EAA6279B11A2006FFE13 /* ContentView.swift */,
				3F95EAA8279B11A4006FFE13 /* Assets.xcassets */,
				3F95EAAA279B11A4006FFE13 /* Preview Content */,
				3F95EAD1279B1384006FFE13 /* GitTest.swift */,
			);
			path = Clonet_SwiftGit3;
			sourceTree = "<group>";
		};
		3F95EAAA279B11A4006FFE13 /* Preview Content */ = {
			isa = PBXGroup;
			children = (
				3F95EAAB279B11A4006FFE13 /* Preview Assets.xcassets */,
			);
			path = "Preview Content";
			sourceTree = "<group>";
		};
		3F95EAB4279B11A4006FFE13 /* Clonet_SwiftGit3Tests */ = {
			isa = PBXGroup;
			children = (
				3F95EAB5279B11A4006FFE13 /* Clonet_SwiftGit3Tests.swift */,
			);
			path = Clonet_SwiftGit3Tests;
			sourceTree = "<group>";
		};
		3F95EABE279B11A4006FFE13 /* Clonet_SwiftGit3UITests */ = {
			isa = PBXGroup;
			children = (
				3F95EABF279B11A4006FFE13 /* Clonet_SwiftGit3UITests.swift */,
				3F95EAC1279B11A4006FFE13 /* Clonet_SwiftGit3UITestsLaunchTests.swift */,
			);
			path = Clonet_SwiftGit3UITests;
			sourceTree = "<group>";
		};
/* End PBXGroup section */

/* Begin PBXNativeTarget section */
		3F95EAA0279B11A2006FFE13 /* Clonet_SwiftGit3 */ = {
			isa = PBXNativeTarget;
			buildConfigurationList = 3F95EAC5279B11A4006FFE13 /* Build configuration list for PBXNativeTarget "Clonet_SwiftGit3" */;
			buildPhases = (
				3F95EA9D279B11A2006FFE13 /* Sources */,
				3F95EA9E279B11A2006FFE13 /* Frameworks */,
				3F95EA9F279B11A2006FFE13 /* Resources */,
			);
			buildRules = (
			);
			dependencies = (
			);
			name = Clonet_SwiftGit3;
			packageProductDependencies = (
				3F95EACF279B1216006FFE13 /* SwiftGit2 */,
			);
			productName = Clonet_SwiftGit3;
			productReference = 3F95EAA1279B11A2006FFE13 /* Clonet_SwiftGit3.app */;
			productType = "com.apple.product-type.application";
		};
		3F95EAB0279B11A4006FFE13 /* Clonet_SwiftGit3Tests */ = {
			isa = PBXNativeTarget;
			buildConfigurationList = 3F95EAC8279B11A4006FFE13 /* Build configuration list for PBXNativeTarget "Clonet_SwiftGit3Tests" */;
			buildPhases = (
				3F95EAAD279B11A4006FFE13 /* Sources */,
				3F95EAAE279B11A4006FFE13 /* Frameworks */,
				3F95EAAF279B11A4006FFE13 /* Resources */,
			);
			buildRules = (
			);
			dependencies = (
				3F95EAB3279B11A4006FFE13 /* PBXTargetDependency */,
			);
			name = Clonet_SwiftGit3Tests;
			productName = Clonet_SwiftGit3Tests;
			productReference = 3F95EAB1279B11A4006FFE13 /* Clonet_SwiftGit3Tests.xctest */;
			productType = "com.apple.product-type.bundle.unit-test";
		};
		3F95EABA279B11A4006FFE13 /* Clonet_SwiftGit3UITests */ = {
			isa = PBXNativeTarget;
			buildConfigurationList = 3F95EACB279B11A4006FFE13 /* Build configuration list for PBXNativeTarget "Clonet_SwiftGit3UITests" */;
			buildPhases = (
				3F95EAB7279B11A4006FFE13 /* Sources */,
				3F95EAB8279B11A4006FFE13 /* Frameworks */,
				3F95EAB9279B11A4006FFE13 /* Resources */,
			);
			buildRules = (
			);
			dependencies = (
				3F95EABD279B11A4006FFE13 /* PBXTargetDependency */,
			);
			name = Clonet_SwiftGit3UITests;
			productName = Clonet_SwiftGit3UITests;
			productReference = 3F95EABB279B11A4006FFE13 /* Clonet_SwiftGit3UITests.xctest */;
			productType = "com.apple.product-type.bundle.ui-testing";
		};
/* End PBXNativeTarget section */

/* Begin PBXProject section */
		3F95EA99279B11A2006FFE13 /* Project object */ = {
			isa = PBXProject;
			attributes = {
				BuildIndependentTargetsInParallel = 1;
				LastSwiftUpdateCheck = 1320;
				LastUpgradeCheck = 1320;
				TargetAttributes = {
					3F95EAA0279B11A2006FFE13 = {
						CreatedOnToolsVersion = 13.2.1;
					};
					3F95EAB0279B11A4006FFE13 = {
						CreatedOnToolsVersion = 13.2.1;
						TestTargetID = 3F95EAA0279B11A2006FFE13;
					};
					3F95EABA279B11A4006FFE13 = {
						CreatedOnToolsVersion = 13.2.1;
						TestTargetID = 3F95EAA0279B11A2006FFE13;
					};
				};
			};
			buildConfigurationList = 3F95EA9C279B11A2006FFE13 /* Build configuration list for PBXProject "Clonet_SwiftGit3" */;
			compatibilityVersion = "Xcode 13.0";
			developmentRegion = en;
			hasScannedForEncodings = 0;
			knownRegions = (
				en,
				Base,
			);
			mainGroup = 3F95EA98279B11A2006FFE13;
			packageReferences = (
				3F95EACE279B1216006FFE13 /* XCRemoteSwiftPackageReference "SwiftGit3" */,
			);
			productRefGroup = 3F95EAA2279B11A2006FFE13 /* Products */;
			projectDirPath = "";
			projectRoot = "";
			targets = (
				3F95EAA0279B11A2006FFE13 /* Clonet_SwiftGit3 */,
				3F95EAB0279B11A4006FFE13 /* Clonet_SwiftGit3Tests */,
				3F95EABA279B11A4006FFE13 /* Clonet_SwiftGit3UITests */,
			);
		};
/* End PBXProject section */

/* Begin PBXResourcesBuildPhase section */
		3F95EA9F279B11A2006FFE13 /* Resources */ = {
			isa = PBXResourcesBuildPhase;
			buildActionMask = 2147483647;
			files = (
				3F95EAAC279B11A4006FFE13 /* Preview Assets.xcassets in Resources */,
				3F95EAA9279B11A4006FFE13 /* Assets.xcassets in Resources */,
			);
			runOnlyForDeploymentPostprocessing = 0;
		};
		3F95EAAF279B11A4006FFE13 /* Resources */ = {
			isa = PBXResourcesBuildPhase;
			buildActionMask = 2147483647;
			files = (
			);
			runOnlyForDeploymentPostprocessing = 0;
		};
		3F95EAB9279B11A4006FFE13 /* Resources */ = {
			isa = PBXResourcesBuildPhase;
			buildActionMask = 2147483647;
			files = (
			);
			runOnlyForDeploymentPostprocessing = 0;
		};
/* End PBXResourcesBuildPhase section */

/* Begin PBXSourcesBuildPhase section */
		3F95EA9D279B11A2006FFE13 /* Sources */ = {
			isa = PBXSourcesBuildPhase;
			buildActionMask = 2147483647;
			files = (
				3F95EAA7279B11A2006FFE13 /* ContentView.swift in Sources */,
				3F95EAD2279B1384006FFE13 /* GitTest.swift in Sources */,
				3F95EAA5279B11A2006FFE13 /* Clonet_SwiftGit3App.swift in Sources */,
			);
			runOnlyForDeploymentPostprocessing = 0;
		};
		3F95EAAD279B11A4006FFE13 /* Sources */ = {
			isa = PBXSourcesBuildPhase;
			buildActionMask = 2147483647;
			files = (
				3F95EAB6279B11A4006FFE13 /* Clonet_SwiftGit3Tests.swift in Sources */,
			);
			runOnlyForDeploymentPostprocessing = 0;
		};
		3F95EAB7279B11A4006FFE13 /* Sources */ = {
			isa = PBXSourcesBuildPhase;
			buildActionMask = 2147483647;
			files = (
				3F95EAC2279B11A4006FFE13 /* Clonet_SwiftGit3UITestsLaunchTests.swift in Sources */,
				3F95EAC0279B11A4006FFE13 /* Clonet_SwiftGit3UITests.swift in Sources */,
			);
			runOnlyForDeploymentPostprocessing = 0;
		};
/* End PBXSourcesBuildPhase section */

/* Begin PBXTargetDependency section */
		3F95EAB3279B11A4006FFE13 /* PBXTargetDependency */ = {
			isa = PBXTargetDependency;
			target = 3F95EAA0279B11A2006FFE13 /* Clonet_SwiftGit3 */;
			targetProxy = 3F95EAB2279B11A4006FFE13 /* PBXContainerItemProxy */;
		};
		3F95EABD279B11A4006FFE13 /* PBXTargetDependency */ = {
			isa = PBXTargetDependency;
			target = 3F95EAA0279B11A2006FFE13 /* Clonet_SwiftGit3 */;
			targetProxy = 3F95EABC279B11A4006FFE13 /* PBXContainerItemProxy */;
		};
/* End PBXTargetDependency section */

/* Begin XCBuildConfiguration section */
		3F95EAC3279B11A4006FFE13 /* Debug */ = {
			isa = XCBuildConfiguration;
			buildSettings = {
				ALWAYS_SEARCH_USER_PATHS = NO;
				CLANG_ANALYZER_NONNULL = YES;
				CLANG_ANALYZER_NUMBER_OBJECT_CONVERSION = YES_AGGRESSIVE;
				CLANG_CXX_LANGUAGE_STANDARD = "gnu++17";
				CLANG_CXX_LIBRARY = "libc++";
				CLANG_ENABLE_MODULES = YES;
				CLANG_ENABLE_OBJC_ARC = YES;
				CLANG_ENABLE_OBJC_WEAK = YES;
				CLANG_WARN_BLOCK_CAPTURE_AUTORELEASING = YES;
				CLANG_WARN_BOOL_CONVERSION = YES;
				CLANG_WARN_COMMA = YES;
				CLANG_WARN_CONSTANT_CONVERSION = YES;
				CLANG_WARN_DEPRECATED_OBJC_IMPLEMENTATIONS = YES;
				CLANG_WARN_DIRECT_OBJC_ISA_USAGE = YES_ERROR;
				CLANG_WARN_DOCUMENTATION_COMMENTS = YES;
				CLANG_WARN_EMPTY_BODY = YES;
				CLANG_WARN_ENUM_CONVERSION = YES;
				CLANG_WARN_INFINITE_RECURSION = YES;
				CLANG_WARN_INT_CONVERSION = YES;
				CLANG_WARN_NON_LITERAL_NULL_CONVERSION = YES;
				CLANG_WARN_OBJC_IMPLICIT_RETAIN_SELF = YES;
				CLANG_WARN_OBJC_LITERAL_CONVERSION = YES;
				CLANG_WARN_OBJC_ROOT_CLASS = YES_ERROR;
				CLANG_WARN_QUOTED_INCLUDE_IN_FRAMEWORK_HEADER = YES;
				CLANG_WARN_RANGE_LOOP_ANALYSIS = YES;
				CLANG_WARN_STRICT_PROTOTYPES = YES;
				CLANG_WARN_SUSPICIOUS_MOVE = YES;
				CLANG_WARN_UNGUARDED_AVAILABILITY = YES_AGGRESSIVE;
				CLANG_WARN_UNREACHABLE_CODE = YES;
				CLANG_WARN__DUPLICATE_METHOD_MATCH = YES;
				COPY_PHASE_STRIP = NO;
				DEBUG_INFORMATION_FORMAT = dwarf;
				ENABLE_STRICT_OBJC_MSGSEND = YES;
				ENABLE_TESTABILITY = YES;
				GCC_C_LANGUAGE_STANDARD = gnu11;
				GCC_DYNAMIC_NO_PIC = NO;
				GCC_NO_COMMON_BLOCKS = YES;
				GCC_OPTIMIZATION_LEVEL = 0;
				GCC_PREPROCESSOR_DEFINITIONS = (
					"DEBUG=1",
					"$(inherited)",
				);
				GCC_WARN_64_TO_32_BIT_CONVERSION = YES;
				GCC_WARN_ABOUT_RETURN_TYPE = YES_ERROR;
				GCC_WARN_UNDECLARED_SELECTOR = YES;
				GCC_WARN_UNINITIALIZED_AUTOS = YES_AGGRESSIVE;
				GCC_WARN_UNUSED_FUNCTION = YES;
				GCC_WARN_UNUSED_VARIABLE = YES;
				IPHONEOS_DEPLOYMENT_TARGET = 15.2;
				MTL_ENABLE_DEBUG_INFO = INCLUDE_SOURCE;
				MTL_FAST_MATH = YES;
				ONLY_ACTIVE_ARCH = YES;
				SDKROOT = iphoneos;
				SWIFT_ACTIVE_COMPILATION_CONDITIONS = DEBUG;
				SWIFT_OPTIMIZATION_LEVEL = "-Onone";
			};
			name = Debug;
		};
		3F95EAC4279B11A4006FFE13 /* Release */ = {
			isa = XCBuildConfiguration;
			buildSettings = {
				ALWAYS_SEARCH_USER_PATHS = NO;
				CLANG_ANALYZER_NONNULL = YES;
				CLANG_ANALYZER_NUMBER_OBJECT_CONVERSION = YES_AGGRESSIVE;
				CLANG_CXX_LANGUAGE_STANDARD = "gnu++17";
				CLANG_CXX_LIBRARY = "libc++";
				CLANG_ENABLE_MODULES = YES;
				CLANG_ENABLE_OBJC_ARC = YES;
				CLANG_ENABLE_OBJC_WEAK = YES;
				CLANG_WARN_BLOCK_CAPTURE_AUTORELEASING = YES;
				CLANG_WARN_BOOL_CONVERSION = YES;
				CLANG_WARN_COMMA = YES;
				CLANG_WARN_CONSTANT_CONVERSION = YES;
				CLANG_WARN_DEPRECATED_OBJC_IMPLEMENTATIONS = YES;
				CLANG_WARN_DIRECT_OBJC_ISA_USAGE = YES_ERROR;
				CLANG_WARN_DOCUMENTATION_COMMENTS = YES;
				CLANG_WARN_EMPTY_BODY = YES;
				CLANG_WARN_ENUM_CONVERSION = YES;
				CLANG_WARN_INFINITE_RECURSION = YES;
				CLANG_WARN_INT_CONVERSION = YES;
				CLANG_WARN_NON_LITERAL_NULL_CONVERSION = YES;
				CLANG_WARN_OBJC_IMPLICIT_RETAIN_SELF = YES;
				CLANG_WARN_OBJC_LITERAL_CONVERSION = YES;
				CLANG_WARN_OBJC_ROOT_CLASS = YES_ERROR;
				CLANG_WARN_QUOTED_INCLUDE_IN_FRAMEWORK_HEADER = YES;
				CLANG_WARN_RANGE_LOOP_ANALYSIS = YES;
				CLANG_WARN_STRICT_PROTOTYPES = YES;
				CLANG_WARN_SUSPICIOUS_MOVE = YES;
				CLANG_WARN_UNGUARDED_AVAILABILITY = YES_AGGRESSIVE;
				CLANG_WARN_UNREACHABLE_CODE = YES;
				CLANG_WARN__DUPLICATE_METHOD_MATCH = YES;
				COPY_PHASE_STRIP = NO;
				DEBUG_INFORMATION_FORMAT = "dwarf-with-dsym";
				ENABLE_NS_ASSERTIONS = NO;
				ENABLE_STRICT_OBJC_MSGSEND = YES;
				GCC_C_LANGUAGE_STANDARD = gnu11;
				GCC_NO_COMMON_BLOCKS = YES;
				GCC_WARN_64_TO_32_BIT_CONVERSION = YES;
				GCC_WARN_ABOUT_RETURN_TYPE = YES_ERROR;
				GCC_WARN_UNDECLARED_SELECTOR = YES;
				GCC_WARN_UNINITIALIZED_AUTOS = YES_AGGRESSIVE;
				GCC_WARN_UNUSED_FUNCTION = YES;
				GCC_WARN_UNUSED_VARIABLE = YES;
				IPHONEOS_DEPLOYMENT_TARGET = 15.2;
				MTL_ENABLE_DEBUG_INFO = NO;
				MTL_FAST_MATH = YES;
				SDKROOT = iphoneos;
				SWIFT_COMPILATION_MODE = wholemodule;
				SWIFT_OPTIMIZATION_LEVEL = "-O";
				VALIDATE_PRODUCT = YES;
			};
			name = Release;
		};
		3F95EAC6279B11A4006FFE13 /* Debug */ = {
			isa = XCBuildConfiguration;
			buildSettings = {
				ASSETCATALOG_COMPILER_APPICON_NAME = AppIcon;
				ASSETCATALOG_COMPILER_GLOBAL_ACCENT_COLOR_NAME = AccentColor;
				CODE_SIGN_STYLE = Automatic;
				CURRENT_PROJECT_VERSION = 1;
				DEVELOPMENT_ASSET_PATHS = "\"Clonet_SwiftGit3/Preview Content\"";
				DEVELOPMENT_TEAM = 9RLMLKY389;
				ENABLE_PREVIEWS = YES;
				GENERATE_INFOPLIST_FILE = YES;
				INFOPLIST_KEY_UIApplicationSceneManifest_Generation = YES;
				INFOPLIST_KEY_UIApplicationSupportsIndirectInputEvents = YES;
				INFOPLIST_KEY_UILaunchScreen_Generation = YES;
				INFOPLIST_KEY_UISupportedInterfaceOrientations_iPad = "UIInterfaceOrientationPortrait UIInterfaceOrientationPortraitUpsideDown UIInterfaceOrientationLandscapeLeft UIInterfaceOrientationLandscapeRight";
				INFOPLIST_KEY_UISupportedInterfaceOrientations_iPhone = "UIInterfaceOrientationPortrait UIInterfaceOrientationLandscapeLeft UIInterfaceOrientationLandscapeRight";
				LD_RUNPATH_SEARCH_PATHS = (
					"$(inherited)",
					"@executable_path/Frameworks",
				);
				MARKETING_VERSION = 1.0;
				PRODUCT_BUNDLE_IDENTIFIER = "CACA.Clonet-SwiftGit3";
				PRODUCT_NAME = "$(TARGET_NAME)";
				SWIFT_EMIT_LOC_STRINGS = YES;
				SWIFT_VERSION = 5.0;
				TARGETED_DEVICE_FAMILY = "1,2";
			};
			name = Debug;
		};
		3F95EAC7279B11A4006FFE13 /* Release */ = {
			isa = XCBuildConfiguration;
			buildSettings = {
				ASSETCATALOG_COMPILER_APPICON_NAME = AppIcon;
				ASSETCATALOG_COMPILER_GLOBAL_ACCENT_COLOR_NAME = AccentColor;
				CODE_SIGN_STYLE = Automatic;
				CURRENT_PROJECT_VERSION = 1;
				DEVELOPMENT_ASSET_PATHS = "\"Clonet_SwiftGit3/Preview Content\"";
				DEVELOPMENT_TEAM = 9RLMLKY389;
				ENABLE_PREVIEWS = YES;
				GENERATE_INFOPLIST_FILE = YES;
				INFOPLIST_KEY_UIApplicationSceneManifest_Generation = YES;
				INFOPLIST_KEY_UIApplicationSupportsIndirectInputEvents = YES;
				INFOPLIST_KEY_UILaunchScreen_Generation = YES;
				INFOPLIST_KEY_UISupportedInterfaceOrientations_iPad = "UIInterfaceOrientationPortrait UIInterfaceOrientationPortraitUpsideDown UIInterfaceOrientationLandscapeLeft UIInterfaceOrientationLandscapeRight";
				INFOPLIST_KEY_UISupportedInterfaceOrientations_iPhone = "UIInterfaceOrientationPortrait UIInterfaceOrientationLandscapeLeft UIInterfaceOrientationLandscapeRight";
				LD_RUNPATH_SEARCH_PATHS = (
					"$(inherited)",
					"@executable_path/Frameworks",
				);
				MARKETING_VERSION = 1.0;
				PRODUCT_BUNDLE_IDENTIFIER = "CACA.Clonet-SwiftGit3";
				PRODUCT_NAME = "$(TARGET_NAME)";
				SWIFT_EMIT_LOC_STRINGS = YES;
				SWIFT_VERSION = 5.0;
				TARGETED_DEVICE_FAMILY = "1,2";
			};
			name = Release;
		};
		3F95EAC9279B11A4006FFE13 /* Debug */ = {
			isa = XCBuildConfiguration;
			buildSettings = {
				ALWAYS_EMBED_SWIFT_STANDARD_LIBRARIES = YES;
				BUNDLE_LOADER = "$(TEST_HOST)";
				CODE_SIGN_STYLE = Automatic;
				CURRENT_PROJECT_VERSION = 1;
				DEVELOPMENT_TEAM = 9RLMLKY389;
				GENERATE_INFOPLIST_FILE = YES;
				IPHONEOS_DEPLOYMENT_TARGET = 15.2;
				MARKETING_VERSION = 1.0;
				PRODUCT_BUNDLE_IDENTIFIER = "CACA.Clonet-SwiftGit3Tests";
				PRODUCT_NAME = "$(TARGET_NAME)";
				SWIFT_EMIT_LOC_STRINGS = NO;
				SWIFT_VERSION = 5.0;
				TARGETED_DEVICE_FAMILY = "1,2";
				TEST_HOST = "$(BUILT_PRODUCTS_DIR)/Clonet_SwiftGit3.app/Clonet_SwiftGit3";
			};
			name = Debug;
		};
		3F95EACA279B11A4006FFE13 /* Release */ = {
			isa = XCBuildConfiguration;
			buildSettings = {
				ALWAYS_EMBED_SWIFT_STANDARD_LIBRARIES = YES;
				BUNDLE_LOADER = "$(TEST_HOST)";
				CODE_SIGN_STYLE = Automatic;
				CURRENT_PROJECT_VERSION = 1;
				DEVELOPMENT_TEAM = 9RLMLKY389;
				GENERATE_INFOPLIST_FILE = YES;
				IPHONEOS_DEPLOYMENT_TARGET = 15.2;
				MARKETING_VERSION = 1.0;
				PRODUCT_BUNDLE_IDENTIFIER = "CACA.Clonet-SwiftGit3Tests";
				PRODUCT_NAME = "$(TARGET_NAME)";
				SWIFT_EMIT_LOC_STRINGS = NO;
				SWIFT_VERSION = 5.0;
				TARGETED_DEVICE_FAMILY = "1,2";
				TEST_HOST = "$(BUILT_PRODUCTS_DIR)/Clonet_SwiftGit3.app/Clonet_SwiftGit3";
			};
			name = Release;
		};
		3F95EACC279B11A4006FFE13 /* Debug */ = {
			isa = XCBuildConfiguration;
			buildSettings = {
				ALWAYS_EMBED_SWIFT_STANDARD_LIBRARIES = YES;
				CODE_SIGN_STYLE = Automatic;
				CURRENT_PROJECT_VERSION = 1;
				DEVELOPMENT_TEAM = 9RLMLKY389;
				GENERATE_INFOPLIST_FILE = YES;
				MARKETING_VERSION = 1.0;
				PRODUCT_BUNDLE_IDENTIFIER = "CACA.Clonet-SwiftGit3UITests";
				PRODUCT_NAME = "$(TARGET_NAME)";
				SWIFT_EMIT_LOC_STRINGS = NO;
				SWIFT_VERSION = 5.0;
				TARGETED_DEVICE_FAMILY = "1,2";
				TEST_TARGET_NAME = Clonet_SwiftGit3;
			};
			name = Debug;
		};
		3F95EACD279B11A4006FFE13 /* Release */ = {
			isa = XCBuildConfiguration;
			buildSettings = {
				ALWAYS_EMBED_SWIFT_STANDARD_LIBRARIES = YES;
				CODE_SIGN_STYLE = Automatic;
				CURRENT_PROJECT_VERSION = 1;
				DEVELOPMENT_TEAM = 9RLMLKY389;
				GENERATE_INFOPLIST_FILE = YES;
				MARKETING_VERSION = 1.0;
				PRODUCT_BUNDLE_IDENTIFIER = "CACA.Clonet-SwiftGit3UITests";
				PRODUCT_NAME = "$(TARGET_NAME)";
				SWIFT_EMIT_LOC_STRINGS = NO;
				SWIFT_VERSION = 5.0;
				TARGETED_DEVICE_FAMILY = "1,2";
				TEST_TARGET_NAME = Clonet_SwiftGit3;
			};
			name = Release;
		};
/* End XCBuildConfiguration section */

/* Begin XCConfigurationList section */
		3F95EA9C279B11A2006FFE13 /* Build configuration list for PBXProject "Clonet_SwiftGit3" */ = {
			isa = XCConfigurationList;
			buildConfigurations = (
				3F95EAC3279B11A4006FFE13 /* Debug */,
				3F95EAC4279B11A4006FFE13 /* Release */,
			);
			defaultConfigurationIsVisible = 0;
			defaultConfigurationName = Release;
		};
		3F95EAC5279B11A4006FFE13 /* Build configuration list for PBXNativeTarget "Clonet_SwiftGit3" */ = {
			isa = XCConfigurationList;
			buildConfigurations = (
				3F95EAC6279B11A4006FFE13 /* Debug */,
				3F95EAC7279B11A4006FFE13 /* Release */,
			);
			defaultConfigurationIsVisible = 0;
			defaultConfigurationName = Release;
		};
		3F95EAC8279B11A4006FFE13 /* Build configuration list for PBXNativeTarget "Clonet_SwiftGit3Tests" */ = {
			isa = XCConfigurationList;
			buildConfigurations = (
				3F95EAC9279B11A4006FFE13 /* Debug */,
				3F95EACA279B11A4006FFE13 /* Release */,
			);
			defaultConfigurationIsVisible = 0;
			defaultConfigurationName = Release;
		};
		3F95EACB279B11A4006FFE13 /* Build configuration list for PBXNativeTarget "Clonet_SwiftGit3UITests" */ = {
			isa = XCConfigurationList;
			buildConfigurations = (
				3F95EACC279B11A4006FFE13 /* Debug */,
				3F95EACD279B11A4006FFE13 /* Release */,
			);
			defaultConfigurationIsVisible = 0;
			defaultConfigurationName = Release;
		};
/* End XCConfigurationList section */

/* Begin XCRemoteSwiftPackageReference section */
		3F95EACE279B1216006FFE13 /* XCRemoteSwiftPackageReference "SwiftGit3" */ = {
			isa = XCRemoteSwiftPackageReference;
			repositoryURL = "https://github.com/App-Maker-Software/SwiftGit3.git";
			requirement = {
				branch = main;
				kind = branch;
			};
		};
/* End XCRemoteSwiftPackageReference section */

/* Begin XCSwiftPackageProductDependency section */
		3F95EACF279B1216006FFE13 /* SwiftGit2 */ = {
			isa = XCSwiftPackageProductDependency;
			package = 3F95EACE279B1216006FFE13 /* XCRemoteSwiftPackageReference "SwiftGit3" */;
			productName = SwiftGit2;
		};
/* End XCSwiftPackageProductDependency section */
	};
	rootObject = 3F95EA99279B11A2006FFE13 /* Project object */;
}
