{
  "pins" : [
    {
      "identity" : "apollo-ios",
      "kind" : "remoteSourceControl",
      "location" : "https://github.com/apollographql/apollo-ios",
      "state" : {
        "revision" : "84c8fc2448d6b7285481bfa25da12668083859eb",
        "version" : "0.49.1"
      }
    },
    {
      "identity" : "bluecryptor",
      "kind" : "remoteSourceControl",
      "location" : "https://github.com/Kitura/BlueCryptor.git",
      "state" : {
        "revision" : "cec97c24b111351e70e448972a7d3fe68a756d6d",
        "version" : "2.0.2"
      }
    },
    {
      "identity" : "bluesocket",
      "kind" : "remoteSourceControl",
      "location" : "https://github.com/Kitura/BlueSocket.git",
      "state" : {
        "revision" : "270f7bd2ea9d81878022d604f4f3577ce6c1703d",
        "version" : "2.0.3"
      }
    },
    {
      "identity" : "bluesslservice",
      "kind" : "remoteSourceControl",
      "location" : "https://github.com/Kitura/BlueSSLService.git",
      "state" : {
        "revision" : "c249988fb748749739144e7f554710552acdc0bd",
        "version" : "2.0.1"
      }
    },
    {
      "identity" : "clibgit2",
      "kind" : "remoteSourceControl",
      "location" : "https://github.com/light-tech/Clibgit2.git",
      "state" : {
        "branch" : "master",
        "revision" : "0b01e2b814c8ad5dc0690f1fa9d0e8ffa7461d14"
      }
    },
    {
      "identity" : "keychainaccess",
      "kind" : "remoteSourceControl",
      "location" : "https://github.com/kishikawakatsumi/KeychainAccess.git",
      "state" : {
        "branch" : "master",
        "revision" : "6299daec1d74be12164fec090faf9ed14d0da9d6"
      }
    },
    {
      "identity" : "loggerapi",
      "kind" : "remoteSourceControl",
      "location" : "https://github.com/Kitura/LoggerAPI.git",
      "state" : {
        "revision" : "e82d34eab3f0b05391082b11ea07d3b70d2f65bb",
        "version" : "1.9.200"
      }
    },
    {
      "identity" : "result",
      "kind" : "remoteSourceControl",
      "location" : "https://github.com/antitypical/Result.git",
      "state" : {
        "branch" : "master",
        "revision" : "c30700bfcab7f555bf1d386fdd609407a94f369c"
      }
    },
    {
      "identity" : "socket.io-client-swift",
      "kind" : "remoteSourceControl",
      "location" : "https://github.com/socketio/socket.io-client-swift.git",
      "state" : {
        "branch" : "master",
        "revision" : "a1ed825835a2d8c2555938e96557ccc05e4bebf3"
      }
    },
    {
      "identity" : "sqlite.swift",
      "kind" : "remoteSourceControl",
      "location" : "https://github.com/stephencelis/SQLite.swift.git",
      "state" : {
        "revision" : "0a9893ec030501a3956bee572d6b4fdd3ae158a1",
        "version" : "0.12.2"
      }
    },
    {
      "identity" : "starscream",
      "kind" : "remoteSourceControl",
      "location" : "https://github.com/daltoniam/Starscream",
      "state" : {
        "revision" : "df8d82047f6654d8e4b655d1b1525c64e1059d21",
        "version" : "4.0.4"
      }
    },
    {
      "identity" : "swift-log",
      "kind" : "remoteSourceControl",
      "location" : "https://github.com/apple/swift-log.git",
      "state" : {
        "revision" : "6fe203dc33195667ce1759bf0182975e4653ba1c",
        "version" : "1.4.4"
      }
    },
    {
      "identity" : "swift-nio-zlib-support",
      "kind" : "remoteSourceControl",
      "location" : "https://github.com/apple/swift-nio-zlib-support.git",
      "state" : {
        "branch" : "main",
        "revision" : "cd3ad8e66fb389b80fd84b8b07561452d653e6f7"
      }
    },
    {
      "identity" : "swift-smtp",
      "kind" : "remoteSourceControl",
      "location" : "https://github.com/Kitura/Swift-SMTP.git",
      "state" : {
        "revision" : "4b7666bb8cee33f0cb367786af17b9a2ebb63047",
        "version" : "6.0.0"
      }
    },
    {
      "identity" : "swiftgit2",
      "kind" : "remoteSourceControl",
      "location" : "https://github.com/light-tech/SwiftGit2.git",
      "state" : {
        "branch" : "spm",
        "revision" : "03e7f41edf53658958c74db106749923ca9dcda0"
      }
    },
    {
      "identity" : "toastui",
      "kind" : "remoteSourceControl",
      "location" : "https://github.com/quanshousio/ToastUI.git",
      "state" : {
        "revision" : "e1fd43336630b40a4273a346bd9e6c250151c88d",
        "version" : "2.0.0"
      }
    },
    {
      "identity" : "url-image",
      "kind" : "remoteSourceControl",
      "location" : "https://github.com/dmytro-anokhin/url-image.git",
      "state" : {
        "revision" : "4042f955f1fdff00ced85545e1eecdbf969b5cd0",
        "version" : "3.1.1"
      }
    }
  ],
  "version" : 2
}
