{
  "object": {
    "pins": [
      {
        "package": "Apollo",
        "repositoryURL": "https://github.com/apollographql/apollo-ios",
        "state": {
          "branch": null,
          "revision": "84c8fc2448d6b7285481bfa25da12668083859eb",
          "version": "0.49.1"
        }
      },
      {
        "package": "Cryptor",
        "repositoryURL": "https://github.com/Kitura/BlueCryptor.git",
        "state": {
          "branch": null,
          "revision": "88fc6e132f41ece53e49acc0e4f67b0331c15b90",
          "version": "2.0.1"
        }
      },
      {
        "package": "Socket",
        "repositoryURL": "https://github.com/Kitura/BlueSocket.git",
        "state": {
          "branch": null,
          "revision": "dd924c3bc2c1c144c42b8dda3896f1a03115ded4",
          "version": "2.0.2"
        }
      },
      {
        "package": "SSLService",
        "repositoryURL": "https://github.com/Kitura/BlueSSLService.git",
        "state": {
          "branch": null,
          "revision": "c249988fb748749739144e7f554710552acdc0bd",
          "version": "2.0.1"
        }
      },
      {
        "package": "Clibgit2",
        "repositoryURL": "https://github.com/light-tech/Clibgit2.git",
        "state": {
          "branch": "master",
          "revision": "0b01e2b814c8ad5dc0690f1fa9d0e8ffa7461d14",
          "version": null
        }
      },
      {
        "package": "KeychainAccess",
        "repositoryURL": "https://github.com/kishikawakatsumi/KeychainAccess.git",
        "state": {
          "branch": "master",
          "revision": "6299daec1d74be12164fec090faf9ed14d0da9d6",
          "version": null
        }
      },
      {
        "package": "LoggerAPI",
        "repositoryURL": "https://github.com/Kitura/LoggerAPI.git",
        "state": {
          "branch": null,
          "revision": "e82d34eab3f0b05391082b11ea07d3b70d2f65bb",
          "version": "1.9.200"
        }
      },
      {
        "package": "Result",
        "repositoryURL": "https://github.com/antitypical/Result.git",
        "state": {
          "branch": "master",
          "revision": "c30700bfcab7f555bf1d386fdd609407a94f369c",
          "version": null
        }
      },
      {
        "package": "SocketIO",
        "repositoryURL": "https://github.com/socketio/socket.io-client-swift.git",
        "state": {
          "branch": "master",
          "revision": "a1ed825835a2d8c2555938e96557ccc05e4bebf3",
          "version": null
        }
      },
      {
        "package": "SQLite.swift",
        "repositoryURL": "https://github.com/stephencelis/SQLite.swift.git",
        "state": {
          "branch": null,
          "revision": "0a9893ec030501a3956bee572d6b4fdd3ae158a1",
          "version": "0.12.2"
        }
      },
      {
        "package": "Starscream",
        "repositoryURL": "https://github.com/daltoniam/Starscream",
        "state": {
          "branch": null,
          "revision": "df8d82047f6654d8e4b655d1b1525c64e1059d21",
          "version": "4.0.4"
        }
      },
      {
        "package": "swift-argument-parser",
        "repositoryURL": "https://github.com/apple/swift-argument-parser",
        "state": {
          "branch": null,
          "revision": "6b2aa2748a7881eebb9f84fb10c01293e15b52ca",
          "version": "0.5.0"
        }
      },
      {
        "package": "swift-log",
        "repositoryURL": "https://github.com/apple/swift-log.git",
        "state": {
          "branch": null,
          "revision": "5d66f7ba25daf4f94100e7022febf3c75e37a6c7",
          "version": "1.4.2"
        }
      },
      {
        "package": "swift-nio-zlib-support",
        "repositoryURL": "https://github.com/apple/swift-nio-zlib-support.git",
        "state": {
          "branch": "main",
          "revision": "cd3ad8e66fb389b80fd84b8b07561452d653e6f7",
          "version": null
        }
      },
      {
        "package": "SwiftSMTP",
        "repositoryURL": "https://github.com/Kitura/Swift-SMTP.git",
        "state": {
          "branch": null,
          "revision": "4b7666bb8cee33f0cb367786af17b9a2ebb63047",
          "version": "6.0.0"
        }
      },
      {
        "package": "SwiftGit2",
        "repositoryURL": "https://github.com/light-tech/SwiftGit2.git",
        "state": {
          "branch": "spm",
          "revision": "03e7f41edf53658958c74db106749923ca9dcda0",
          "version": null
        }
      },
      {
        "package": "ToastUI",
        "repositoryURL": "https://github.com/quanshousio/ToastUI.git",
        "state": {
          "branch": null,
          "revision": "e1fd43336630b40a4273a346bd9e6c250151c88d",
          "version": "2.0.0"
        }
      },
      {
        "package": "URLImage",
        "repositoryURL": "https://github.com/dmytro-anokhin/url-image.git",
        "state": {
          "branch": null,
          "revision": "4042f955f1fdff00ced85545e1eecdbf969b5cd0",
          "version": "3.1.1"
        }
      }
    ]
  },
  "version": 1
}
