// !$*UTF8*$!
{
	archiveVersion = 1;
	classes = {
	};
	objectVersion = 55;
	objects = {

/* Begin PBXBuildFile section */
		3F4B530E278BE92300D64A6D /* Login.swift in Sources */ = {isa = PBXBuildFile; fileRef = 3F4B530D278BE92300D64A6D /* Login.swift */; };
		3F4B5316278C162500D64A6D /* User.swift in Sources */ = {isa = PBXBuildFile; fileRef = 3F4B5315278C162500D64A6D /* User.swift */; };
		3F4B5318278C17DA00D64A6D /* LoginCheck.swift in Sources */ = {isa = PBXBuildFile; fileRef = 3F4B5317278C17DA00D64A6D /* LoginCheck.swift */; };
		B540D41E278C602B00479A63 /* SwiftGit2 in Frameworks */ = {isa = PBXBuildFile; productRef = B540D41D278C602B00479A63 /* SwiftGit2 */; };
		B540D420278C603900479A63 /* libz.tbd in Frameworks */ = {isa = PBXBuildFile; fileRef = B540D41F278C603900479A63 /* libz.tbd */; };
		B540D422278C604200479A63 /* libiconv.tbd in Frameworks */ = {isa = PBXBuildFile; fileRef = B540D421278C604200479A63 /* libiconv.tbd */; };
		B540D425278C60D400479A63 /* SwiftGit2 in Frameworks */ = {isa = PBXBuildFile; productRef = B540D424278C60D400479A63 /* SwiftGit2 */; };
		DA97B6A7278BE05D006C473E /* ClonetApp.swift in Sources */ = {isa = PBXBuildFile; fileRef = DA97B6A6278BE05D006C473E /* ClonetApp.swift */; };
		DA97B6A9278BE05D006C473E /* ContentView.swift in Sources */ = {isa = PBXBuildFile; fileRef = DA97B6A8278BE05D006C473E /* ContentView.swift */; };
		DA97B6AB278BE05E006C473E /* Assets.xcassets in Resources */ = {isa = PBXBuildFile; fileRef = DA97B6AA278BE05E006C473E /* Assets.xcassets */; };
		DA97B6AE278BE05E006C473E /* Preview Assets.xcassets in Resources */ = {isa = PBXBuildFile; fileRef = DA97B6AD278BE05E006C473E /* Preview Assets.xcassets */; };
/* End PBXBuildFile section */

/* Begin PBXFileReference section */
		3F4B530D278BE92300D64A6D /* Login.swift */ = {isa = PBXFileReference; lastKnownFileType = sourcecode.swift; path = Login.swift; sourceTree = "<group>"; };
		3F4B5315278C162500D64A6D /* User.swift */ = {isa = PBXFileReference; lastKnownFileType = sourcecode.swift; path = User.swift; sourceTree = "<group>"; };
		3F4B5317278C17DA00D64A6D /* LoginCheck.swift */ = {isa = PBXFileReference; lastKnownFileType = sourcecode.swift; path = LoginCheck.swift; sourceTree = "<group>"; };
		B540D41B278C5FF300479A63 /* SwiftGit2 */ = {isa = PBXFileReference; lastKnownFileType = folder; name = SwiftGit2; path = ../../../../../Downloads/library/SwiftGit2; sourceTree = "<group>"; };
		B540D41F278C603900479A63 /* libz.tbd */ = {isa = PBXFileReference; lastKnownFileType = "sourcecode.text-based-dylib-definition"; name = libz.tbd; path = usr/lib/libz.tbd; sourceTree = SDKROOT; };
		B540D421278C604200479A63 /* libiconv.tbd */ = {isa = PBXFileReference; lastKnownFileType = "sourcecode.text-based-dylib-definition"; name = libiconv.tbd; path = usr/lib/libiconv.tbd; sourceTree = SDKROOT; };
		B593818F278C5E4A00C5B28F /* SwiftGit2 */ = {isa = PBXFileReference; lastKnownFileType = folder; name = SwiftGit2; path = ../../../../../Downloads/library/SwiftGit2; sourceTree = "<group>"; };
		B5938190278C5E8100C5B28F /* SwiftGit2 */ = {isa = PBXFileReference; lastKnownFileType = folder; name = SwiftGit2; path = ../../../../../Downloads/library/SwiftGit2; sourceTree = "<group>"; };
		B5938191278C5EAF00C5B28F /* SwiftGit2 */ = {isa = PBXFileReference; lastKnownFileType = folder; name = SwiftGit2; path = ../../../../../Downloads/library/SwiftGit2; sourceTree = "<group>"; };
		B5938192278C5EE900C5B28F /* SwiftGit2 */ = {isa = PBXFileReference; lastKnownFileType = folder; name = SwiftGit2; path = ../../../../../Downloads/library/SwiftGit2; sourceTree = "<group>"; };
		B5938193278C5F0900C5B28F /* SwiftGit2 */ = {isa = PBXFileReference; lastKnownFileType = folder; name = SwiftGit2; path = ../../../../../Downloads/library/SwiftGit2; sourceTree = "<group>"; };
		B5938194278C5F2200C5B28F /* SwiftGit2 */ = {isa = PBXFileReference; lastKnownFileType = folder; name = SwiftGit2; path = ../../../../../Downloads/library/SwiftGit2; sourceTree = "<group>"; };
		B5938195278C5FB400C5B28F /* SwiftGit2 */ = {isa = PBXFileReference; lastKnownFileType = folder; name = SwiftGit2; path = ../../../../../Downloads/library/SwiftGit2; sourceTree = "<group>"; };
		DA97B6A3278BE05D006C473E /* Clonet.app */ = {isa = PBXFileReference; explicitFileType = wrapper.application; includeInIndex = 0; path = Clonet.app; sourceTree = BUILT_PRODUCTS_DIR; };
		DA97B6A6278BE05D006C473E /* ClonetApp.swift */ = {isa = PBXFileReference; lastKnownFileType = sourcecode.swift; path = ClonetApp.swift; sourceTree = "<group>"; };
		DA97B6A8278BE05D006C473E /* ContentView.swift */ = {isa = PBXFileReference; lastKnownFileType = sourcecode.swift; path = ContentView.swift; sourceTree = "<group>"; };
		DA97B6AA278BE05E006C473E /* Assets.xcassets */ = {isa = PBXFileReference; lastKnownFileType = folder.assetcatalog; path = Assets.xcassets; sourceTree = "<group>"; };
		DA97B6AD278BE05E006C473E /* Preview Assets.xcassets */ = {isa = PBXFileReference; lastKnownFileType = folder.assetcatalog; path = "Preview Assets.xcassets"; sourceTree = "<group>"; };
/* End PBXFileReference section */

/* Begin PBXFrameworksBuildPhase section */
		DA97B6A0278BE05D006C473E /* Frameworks */ = {
			isa = PBXFrameworksBuildPhase;
			buildActionMask = 2147483647;
			files = (
				B540D425278C60D400479A63 /* SwiftGit2 in Frameworks */,
				B540D422278C604200479A63 /* libiconv.tbd in Frameworks */,
				B540D420278C603900479A63 /* libz.tbd in Frameworks */,
				B540D41E278C602B00479A63 /* SwiftGit2 in Frameworks */,
			);
			runOnlyForDeploymentPostprocessing = 0;
		};
/* End PBXFrameworksBuildPhase section */

/* Begin PBXGroup section */
		3F4B530C278BE91100D64A6D /* Login */ = {
			isa = PBXGroup;
			children = (
				3F4B530D278BE92300D64A6D /* Login.swift */,
				3F4B5315278C162500D64A6D /* User.swift */,
				3F4B5317278C17DA00D64A6D /* LoginCheck.swift */,
			);
			path = Login;
			sourceTree = "<group>";
		};
		B540D41C278C602B00479A63 /* Frameworks */ = {
			isa = PBXGroup;
			children = (
				B540D421278C604200479A63 /* libiconv.tbd */,
				B540D41F278C603900479A63 /* libz.tbd */,
			);
			name = Frameworks;
			sourceTree = "<group>";
		};
		B593818E278C5E4A00C5B28F /* Packages */ = {
			isa = PBXGroup;
			children = (
				B593818F278C5E4A00C5B28F /* SwiftGit2 */,
				B5938190278C5E8100C5B28F /* SwiftGit2 */,
				B5938191278C5EAF00C5B28F /* SwiftGit2 */,
				B5938192278C5EE900C5B28F /* SwiftGit2 */,
				B5938193278C5F0900C5B28F /* SwiftGit2 */,
				B5938194278C5F2200C5B28F /* SwiftGit2 */,
				B5938195278C5FB400C5B28F /* SwiftGit2 */,
				B540D41B278C5FF300479A63 /* SwiftGit2 */,
			);
			name = Packages;
			sourceTree = "<group>";
		};
		DA97B69A278BE05D006C473E = {
			isa = PBXGroup;
			children = (
				B593818E278C5E4A00C5B28F /* Packages */,
				DA97B6A5278BE05D006C473E /* Clonet */,
				DA97B6A4278BE05D006C473E /* Products */,
				B540D41C278C602B00479A63 /* Frameworks */,
			);
			sourceTree = "<group>";
		};
		DA97B6A4278BE05D006C473E /* Products */ = {
			isa = PBXGroup;
			children = (
				DA97B6A3278BE05D006C473E /* Clonet.app */,
			);
			name = Products;
			sourceTree = "<group>";
		};
		DA97B6A5278BE05D006C473E /* Clonet */ = {
			isa = PBXGroup;
			children = (
				3F4B530C278BE91100D64A6D /* Login */,
				DA97B6A6278BE05D006C473E /* ClonetApp.swift */,
				DA97B6A8278BE05D006C473E /* ContentView.swift */,
				DA97B6AA278BE05E006C473E /* Assets.xcassets */,
				DA97B6AC278BE05E006C473E /* Preview Content */,
			);
			path = Clonet;
			sourceTree = "<group>";
		};
		DA97B6AC278BE05E006C473E /* Preview Content */ = {
			isa = PBXGroup;
			children = (
				DA97B6AD278BE05E006C473E /* Preview Assets.xcassets */,
			);
			path = "Preview Content";
			sourceTree = "<group>";
		};
/* End PBXGroup section */

/* Begin PBXNativeTarget section */
		DA97B6A2278BE05D006C473E /* Clonet */ = {
			isa = PBXNativeTarget;
			buildConfigurationList = DA97B6B1278BE05E006C473E /* Build configuration list for PBXNativeTarget "Clonet" */;
			buildPhases = (
				DA97B69F278BE05D006C473E /* Sources */,
				DA97B6A0278BE05D006C473E /* Frameworks */,
				DA97B6A1278BE05D006C473E /* Resources */,
			);
			buildRules = (
			);
			dependencies = (
			);
			name = Clonet;
			packageProductDependencies = (
				B540D41D278C602B00479A63 /* SwiftGit2 */,
				B540D424278C60D400479A63 /* SwiftGit2 */,
			);
			productName = Clonet;
			productReference = DA97B6A3278BE05D006C473E /* Clonet.app */;
			productType = "com.apple.product-type.application";
		};
/* End PBXNativeTarget section */

/* Begin PBXProject section */
		DA97B69B278BE05D006C473E /* Project object */ = {
			isa = PBXProject;
			attributes = {
				BuildIndependentTargetsInParallel = 1;
				LastSwiftUpdateCheck = 1320;
				LastUpgradeCheck = 1320;
				TargetAttributes = {
					DA97B6A2278BE05D006C473E = {
						CreatedOnToolsVersion = 13.2.1;
					};
				};
			};
			buildConfigurationList = DA97B69E278BE05D006C473E /* Build configuration list for PBXProject "Clonet" */;
			compatibilityVersion = "Xcode 13.0";
			developmentRegion = en;
			hasScannedForEncodings = 0;
			knownRegions = (
				en,
				Base,
			);
			mainGroup = DA97B69A278BE05D006C473E;
			packageReferences = (
				B540D423278C60D400479A63 /* XCRemoteSwiftPackageReference "SwiftGit2" */,
			);
			productRefGroup = DA97B6A4278BE05D006C473E /* Products */;
			projectDirPath = "";
			projectRoot = "";
			targets = (
				DA97B6A2278BE05D006C473E /* Clonet */,
			);
		};
/* End PBXProject section */

/* Begin PBXResourcesBuildPhase section */
		DA97B6A1278BE05D006C473E /* Resources */ = {
			isa = PBXResourcesBuildPhase;
			buildActionMask = 2147483647;
			files = (
				DA97B6AE278BE05E006C473E /* Preview Assets.xcassets in Resources */,
				DA97B6AB278BE05E006C473E /* Assets.xcassets in Resources */,
			);
			runOnlyForDeploymentPostprocessing = 0;
		};
/* End PBXResourcesBuildPhase section */

/* Begin PBXSourcesBuildPhase section */
		DA97B69F278BE05D006C473E /* Sources */ = {
			isa = PBXSourcesBuildPhase;
			buildActionMask = 2147483647;
			files = (
				3F4B5316278C162500D64A6D /* User.swift in Sources */,
				3F4B530E278BE92300D64A6D /* Login.swift in Sources */,
				DA97B6A9278BE05D006C473E /* ContentView.swift in Sources */,
				3F4B5318278C17DA00D64A6D /* LoginCheck.swift in Sources */,
				DA97B6A7278BE05D006C473E /* ClonetApp.swift in Sources */,
			);
			runOnlyForDeploymentPostprocessing = 0;
		};
/* End PBXSourcesBuildPhase section */

/* Begin XCBuildConfiguration section */
		DA97B6AF278BE05E006C473E /* Debug */ = {
			isa = XCBuildConfiguration;
			buildSettings = {
				ALWAYS_SEARCH_USER_PATHS = NO;
				CLANG_ANALYZER_NONNULL = YES;
				CLANG_ANALYZER_NUMBER_OBJECT_CONVERSION = YES_AGGRESSIVE;
				CLANG_CXX_LANGUAGE_STANDARD = "gnu++17";
				CLANG_CXX_LIBRARY = "libc++";
				CLANG_ENABLE_MODULES = YES;
				CLANG_ENABLE_OBJC_ARC = YES;
				CLANG_ENABLE_OBJC_WEAK = YES;
				CLANG_WARN_BLOCK_CAPTURE_AUTORELEASING = YES;
				CLANG_WARN_BOOL_CONVERSION = YES;
				CLANG_WARN_COMMA = YES;
				CLANG_WARN_CONSTANT_CONVERSION = YES;
				CLANG_WARN_DEPRECATED_OBJC_IMPLEMENTATIONS = YES;
				CLANG_WARN_DIRECT_OBJC_ISA_USAGE = YES_ERROR;
				CLANG_WARN_DOCUMENTATION_COMMENTS = YES;
				CLANG_WARN_EMPTY_BODY = YES;
				CLANG_WARN_ENUM_CONVERSION = YES;
				CLANG_WARN_INFINITE_RECURSION = YES;
				CLANG_WARN_INT_CONVERSION = YES;
				CLANG_WARN_NON_LITERAL_NULL_CONVERSION = YES;
				CLANG_WARN_OBJC_IMPLICIT_RETAIN_SELF = YES;
				CLANG_WARN_OBJC_LITERAL_CONVERSION = YES;
				CLANG_WARN_OBJC_ROOT_CLASS = YES_ERROR;
				CLANG_WARN_QUOTED_INCLUDE_IN_FRAMEWORK_HEADER = YES;
				CLANG_WARN_RANGE_LOOP_ANALYSIS = YES;
				CLANG_WARN_STRICT_PROTOTYPES = YES;
				CLANG_WARN_SUSPICIOUS_MOVE = YES;
				CLANG_WARN_UNGUARDED_AVAILABILITY = YES_AGGRESSIVE;
				CLANG_WARN_UNREACHABLE_CODE = YES;
				CLANG_WARN__DUPLICATE_METHOD_MATCH = YES;
				COPY_PHASE_STRIP = NO;
				DEBUG_INFORMATION_FORMAT = dwarf;
				ENABLE_STRICT_OBJC_MSGSEND = YES;
				ENABLE_TESTABILITY = YES;
				GCC_C_LANGUAGE_STANDARD = gnu11;
				GCC_DYNAMIC_NO_PIC = NO;
				GCC_NO_COMMON_BLOCKS = YES;
				GCC_OPTIMIZATION_LEVEL = 0;
				GCC_PREPROCESSOR_DEFINITIONS = (
					"DEBUG=1",
					"$(inherited)",
				);
				GCC_WARN_64_TO_32_BIT_CONVERSION = YES;
				GCC_WARN_ABOUT_RETURN_TYPE = YES_ERROR;
				GCC_WARN_UNDECLARED_SELECTOR = YES;
				GCC_WARN_UNINITIALIZED_AUTOS = YES_AGGRESSIVE;
				GCC_WARN_UNUSED_FUNCTION = YES;
				GCC_WARN_UNUSED_VARIABLE = YES;
				IPHONEOS_DEPLOYMENT_TARGET = 15.2;
				MTL_ENABLE_DEBUG_INFO = INCLUDE_SOURCE;
				MTL_FAST_MATH = YES;
				ONLY_ACTIVE_ARCH = YES;
				SDKROOT = iphoneos;
				SWIFT_ACTIVE_COMPILATION_CONDITIONS = DEBUG;
				SWIFT_OPTIMIZATION_LEVEL = "-Onone";
			};
			name = Debug;
		};
		DA97B6B0278BE05E006C473E /* Release */ = {
			isa = XCBuildConfiguration;
			buildSettings = {
				ALWAYS_SEARCH_USER_PATHS = NO;
				CLANG_ANALYZER_NONNULL = YES;
				CLANG_ANALYZER_NUMBER_OBJECT_CONVERSION = YES_AGGRESSIVE;
				CLANG_CXX_LANGUAGE_STANDARD = "gnu++17";
				CLANG_CXX_LIBRARY = "libc++";
				CLANG_ENABLE_MODULES = YES;
				CLANG_ENABLE_OBJC_ARC = YES;
				CLANG_ENABLE_OBJC_WEAK = YES;
				CLANG_WARN_BLOCK_CAPTURE_AUTORELEASING = YES;
				CLANG_WARN_BOOL_CONVERSION = YES;
				CLANG_WARN_COMMA = YES;
				CLANG_WARN_CONSTANT_CONVERSION = YES;
				CLANG_WARN_DEPRECATED_OBJC_IMPLEMENTATIONS = YES;
				CLANG_WARN_DIRECT_OBJC_ISA_USAGE = YES_ERROR;
				CLANG_WARN_DOCUMENTATION_COMMENTS = YES;
				CLANG_WARN_EMPTY_BODY = YES;
				CLANG_WARN_ENUM_CONVERSION = YES;
				CLANG_WARN_INFINITE_RECURSION = YES;
				CLANG_WARN_INT_CONVERSION = YES;
				CLANG_WARN_NON_LITERAL_NULL_CONVERSION = YES;
				CLANG_WARN_OBJC_IMPLICIT_RETAIN_SELF = YES;
				CLANG_WARN_OBJC_LITERAL_CONVERSION = YES;
				CLANG_WARN_OBJC_ROOT_CLASS = YES_ERROR;
				CLANG_WARN_QUOTED_INCLUDE_IN_FRAMEWORK_HEADER = YES;
				CLANG_WARN_RANGE_LOOP_ANALYSIS = YES;
				CLANG_WARN_STRICT_PROTOTYPES = YES;
				CLANG_WARN_SUSPICIOUS_MOVE = YES;
				CLANG_WARN_UNGUARDED_AVAILABILITY = YES_AGGRESSIVE;
				CLANG_WARN_UNREACHABLE_CODE = YES;
				CLANG_WARN__DUPLICATE_METHOD_MATCH = YES;
				COPY_PHASE_STRIP = NO;
				DEBUG_INFORMATION_FORMAT = "dwarf-with-dsym";
				ENABLE_NS_ASSERTIONS = NO;
				ENABLE_STRICT_OBJC_MSGSEND = YES;
				GCC_C_LANGUAGE_STANDARD = gnu11;
				GCC_NO_COMMON_BLOCKS = YES;
				GCC_WARN_64_TO_32_BIT_CONVERSION = YES;
				GCC_WARN_ABOUT_RETURN_TYPE = YES_ERROR;
				GCC_WARN_UNDECLARED_SELECTOR = YES;
				GCC_WARN_UNINITIALIZED_AUTOS = YES_AGGRESSIVE;
				GCC_WARN_UNUSED_FUNCTION = YES;
				GCC_WARN_UNUSED_VARIABLE = YES;
				IPHONEOS_DEPLOYMENT_TARGET = 15.2;
				MTL_ENABLE_DEBUG_INFO = NO;
				MTL_FAST_MATH = YES;
				SDKROOT = iphoneos;
				SWIFT_COMPILATION_MODE = wholemodule;
				SWIFT_OPTIMIZATION_LEVEL = "-O";
				VALIDATE_PRODUCT = YES;
			};
			name = Release;
		};
		DA97B6B2278BE05E006C473E /* Debug */ = {
			isa = XCBuildConfiguration;
			buildSettings = {
				ASSETCATALOG_COMPILER_APPICON_NAME = AppIcon;
				ASSETCATALOG_COMPILER_GLOBAL_ACCENT_COLOR_NAME = AccentColor;
				CODE_SIGN_STYLE = Automatic;
				CURRENT_PROJECT_VERSION = 1;
				DEVELOPMENT_ASSET_PATHS = "\"Clonet/Preview Content\"";
				ENABLE_PREVIEWS = YES;
				EXCLUDED_ARCHS = arm64;
				GENERATE_INFOPLIST_FILE = YES;
				INFOPLIST_KEY_UIApplicationSceneManifest_Generation = YES;
				INFOPLIST_KEY_UIApplicationSupportsIndirectInputEvents = YES;
				INFOPLIST_KEY_UILaunchScreen_Generation = YES;
				INFOPLIST_KEY_UISupportedInterfaceOrientations_iPad = "UIInterfaceOrientationPortrait UIInterfaceOrientationPortraitUpsideDown UIInterfaceOrientationLandscapeLeft UIInterfaceOrientationLandscapeRight";
				INFOPLIST_KEY_UISupportedInterfaceOrientations_iPhone = "UIInterfaceOrientationPortrait UIInterfaceOrientationLandscapeLeft UIInterfaceOrientationLandscapeRight";
				IPHONEOS_DEPLOYMENT_TARGET = 15.0;
				LD_RUNPATH_SEARCH_PATHS = (
					"$(inherited)",
					"@executable_path/Frameworks",
				);
				MARKETING_VERSION = 1.0;
				PRODUCT_BUNDLE_IDENTIFIER = CACA.Clonet;
				PRODUCT_NAME = "$(TARGET_NAME)";
				SWIFT_EMIT_LOC_STRINGS = YES;
				SWIFT_VERSION = 5.0;
				TARGETED_DEVICE_FAMILY = "1,2";
			};
			name = Debug;
		};
		DA97B6B3278BE05E006C473E /* Release */ = {
			isa = XCBuildConfiguration;
			buildSettings = {
				ASSETCATALOG_COMPILER_APPICON_NAME = AppIcon;
				ASSETCATALOG_COMPILER_GLOBAL_ACCENT_COLOR_NAME = AccentColor;
				CODE_SIGN_STYLE = Automatic;
				CURRENT_PROJECT_VERSION = 1;
				DEVELOPMENT_ASSET_PATHS = "\"Clonet/Preview Content\"";
				ENABLE_PREVIEWS = YES;
				EXCLUDED_ARCHS = arm64;
				GENERATE_INFOPLIST_FILE = YES;
				INFOPLIST_KEY_UIApplicationSceneManifest_Generation = YES;
				INFOPLIST_KEY_UIApplicationSupportsIndirectInputEvents = YES;
				INFOPLIST_KEY_UILaunchScreen_Generation = YES;
				INFOPLIST_KEY_UISupportedInterfaceOrientations_iPad = "UIInterfaceOrientationPortrait UIInterfaceOrientationPortraitUpsideDown UIInterfaceOrientationLandscapeLeft UIInterfaceOrientationLandscapeRight";
				INFOPLIST_KEY_UISupportedInterfaceOrientations_iPhone = "UIInterfaceOrientationPortrait UIInterfaceOrientationLandscapeLeft UIInterfaceOrientationLandscapeRight";
				IPHONEOS_DEPLOYMENT_TARGET = 15.0;
				LD_RUNPATH_SEARCH_PATHS = (
					"$(inherited)",
					"@executable_path/Frameworks",
				);
				MARKETING_VERSION = 1.0;
				PRODUCT_BUNDLE_IDENTIFIER = CACA.Clonet;
				PRODUCT_NAME = "$(TARGET_NAME)";
				SWIFT_EMIT_LOC_STRINGS = YES;
				SWIFT_VERSION = 5.0;
				TARGETED_DEVICE_FAMILY = "1,2";
			};
			name = Release;
		};
/* End XCBuildConfiguration section */

/* Begin XCConfigurationList section */
		DA97B69E278BE05D006C473E /* Build configuration list for PBXProject "Clonet" */ = {
			isa = XCConfigurationList;
			buildConfigurations = (
				DA97B6AF278BE05E006C473E /* Debug */,
				DA97B6B0278BE05E006C473E /* Release */,
			);
			defaultConfigurationIsVisible = 0;
			defaultConfigurationName = Release;
		};
		DA97B6B1278BE05E006C473E /* Build configuration list for PBXNativeTarget "Clonet" */ = {
			isa = XCConfigurationList;
			buildConfigurations = (
				DA97B6B2278BE05E006C473E /* Debug */,
				DA97B6B3278BE05E006C473E /* Release */,
			);
			defaultConfigurationIsVisible = 0;
			defaultConfigurationName = Release;
		};
/* End XCConfigurationList section */

/* Begin XCRemoteSwiftPackageReference section */
		B540D423278C60D400479A63 /* XCRemoteSwiftPackageReference "SwiftGit2" */ = {
			isa = XCRemoteSwiftPackageReference;
			repositoryURL = "https://github.com/light-tech/SwiftGit2";
			requirement = {
				branch = spm;
				kind = branch;
			};
		};
/* End XCRemoteSwiftPackageReference section */

/* Begin XCSwiftPackageProductDependency section */
		B540D41D278C602B00479A63 /* SwiftGit2 */ = {
			isa = XCSwiftPackageProductDependency;
			productName = SwiftGit2;
		};
		B540D424278C60D400479A63 /* SwiftGit2 */ = {
			isa = XCSwiftPackageProductDependency;
			package = B540D423278C60D400479A63 /* XCRemoteSwiftPackageReference "SwiftGit2" */;
			productName = SwiftGit2;
		};
/* End XCSwiftPackageProductDependency section */
	};
	rootObject = DA97B69B278BE05D006C473E /* Project object */;
}
