{
  "object": {
    "pins": [
      {
        "package": "KeychainAccess",
        "repositoryURL": "https://github.com/kishikawakatsumi/KeychainAccess.git",
        "state": {
          "branch": "master",
          "revision": "6299daec1d74be12164fec090faf9ed14d0da9d6",
          "version": null
        }
      },
      {
        "package": "Result",
        "repositoryURL": "https://github.com/antitypical/Result.git",
        "state": {
          "branch": "master",
          "revision": "c30700bfcab7f555bf1d386fdd609407a94f369c",
          "version": null
        }
      },
      {
        "package": "SocketIO",
        "repositoryURL": "https://github.com/socketio/socket.io-client-swift.git",
        "state": {
          "branch": "master",
          "revision": "a1ed825835a2d8c2555938e96557ccc05e4bebf3",
          "version": null
        }
      },
      {
        "package": "Starscream",
        "repositoryURL": "https://github.com/daltoniam/Starscream",
        "state": {
          "branch": null,
          "revision": "df8d82047f6654d8e4b655d1b1525c64e1059d21",
          "version": "4.0.4"
        }
      },
      {
        "package": "swift-nio-zlib-support",
        "repositoryURL": "https://github.com/apple/swift-nio-zlib-support.git",
        "state": {
          "branch": "main",
          "revision": "cd3ad8e66fb389b80fd84b8b07561452d653e6f7",
          "version": null
        }
      },
      {
        "package": "SwiftGit2",
        "repositoryURL": "https://github.com/App-Maker-Software/SwiftGit3.git",
        "state": {
          "branch": null,
          "revision": "a2a0873f0e4a07628a5f94d6d360f669e9e5301b",
          "version": "1.2.1"
        }
      }
    ]
  },
  "version": 1
}
